
Microsoft Visual Studio Solution File, Format Version 12.00
# Visual Studio Version 16
VisualStudioVersion = 16.0.31424.327
MinimumVisualStudioVersion = 10.0.40219.1
Project("{FAE04EC0-301F-11D3-BF4B-00C04F79EFBC}") = "LineComparisonProblem", "LineComparisonProblem.csproj", "{F1CDE8FC-904C-46F7-AA91-6AE9F8E0913A}"
EndProject
Global
	GlobalSection(SolutionConfigurationPlatforms) = preSolution
		Debug|Any CPU = Debug|Any CPU
		Release|Any CPU = Release|Any CPU
	EndGlobalSection
	GlobalSection(ProjectConfigurationPlatforms) = postSolution
		{F1CDE8FC-904C-46F7-AA91-6AE9F8E0913A}.Debug|Any CPU.ActiveCfg = Debug|Any CPU
		{F1CDE8FC-904C-46F7-AA91-6AE9F8E0913A}.Debug|Any CPU.Build.0 = Debug|Any CPU
		{F1CDE8FC-904C-46F7-AA91-6AE9F8E0913A}.Release|Any CPU.ActiveCfg = Release|Any CPU
		{F1CDE8FC-904C-46F7-AA91-6AE9F8E0913A}.Release|Any CPU.Build.0 = Release|Any CPU
	EndGlobalSection
	GlobalSection(SolutionProperties) = preSolution
		HideSolutionNode = FALSE
	EndGlobalSection
	GlobalSection(ExtensibilityGlobals) = postSolution
		SolutionGuid = {66377B8B-3C8B-417F-953C-926DEB6E674D}
	EndGlobalSection
EndGlobal
